
Microsoft Visual Studio Solution File, Format Version 12.00
# Visual Studio Version 17
VisualStudioVersion = 17.11.35312.102
MinimumVisualStudioVersion = 10.0.40219.1
Project("{FAE04EC0-301F-11D3-BF4B-00C04F79EFBC}") = "Supermarket", "Supermarket\Supermarket.csproj", "{48970EDE-AE1E-40A6-9476-D674F4A47169}"
EndProject
Global
	GlobalSection(SolutionConfigurationPlatforms) = preSolution
		Debug|Any CPU = Debug|Any CPU
		Release|Any CPU = Release|Any CPU
	EndGlobalSection
	GlobalSection(ProjectConfigurationPlatforms) = postSolution
		{48970EDE-AE1E-40A6-9476-D674F4A47169}.Debug|Any CPU.ActiveCfg = Debug|Any CPU
		{48970EDE-AE1E-40A6-9476-D674F4A47169}.Debug|Any CPU.Build.0 = Debug|Any CPU
		{48970EDE-AE1E-40A6-9476-D674F4A47169}.Release|Any CPU.ActiveCfg = Release|Any CPU
		{48970EDE-AE1E-40A6-9476-D674F4A47169}.Release|Any CPU.Build.0 = Release|Any CPU
	EndGlobalSection
	GlobalSection(SolutionProperties) = preSolution
		HideSolutionNode = FALSE
	EndGlobalSection
	GlobalSection(ExtensibilityGlobals) = postSolution
		SolutionGuid = {05E93A6B-C741-49DF-86FE-13C3668FA68E}
	EndGlobalSection
EndGlobal
